# THIS IS AN AUTOGENERATED FILE. DO NOT EDIT THIS FILE DIRECTLY.
# yarn lockfile v1


"@ampproject/remapping@^2.1.0":
  version "2.2.0"
  resolved "https://registry.npmjs.org/@ampproject/remapping/-/remapping-2.2.0.tgz"
  dependencies:
    "@jridgewell/gen-mapping" "^0.1.0"
    "@jridgewell/trace-mapping" "^0.3.9"

"@babel/code-frame@^7.16.7":
  version "7.16.7"
  resolved "https://registry.npmjs.org/@babel/code-frame/-/code-frame-7.16.7.tgz"
  dependencies:
    "@babel/highlight" "^7.16.7"

"@babel/compat-data@^7.17.10":
  version "7.17.10"
  resolved "https://registry.npmjs.org/@babel/compat-data/-/compat-data-7.17.10.tgz"

"@babel/core@^7.17.9":
  version "7.17.10"
  resolved "https://registry.npmjs.org/@babel/core/-/core-7.17.10.tgz"
  dependencies:
    "@ampproject/remapping" "^2.1.0"
    "@babel/code-frame" "^7.16.7"
    "@babel/generator" "^7.17.10"
    "@babel/helper-compilation-targets" "^7.17.10"
    "@babel/helper-module-transforms" "^7.17.7"
    "@babel/helpers" "^7.17.9"
    "@babel/parser" "^7.17.10"
    "@babel/template" "^7.16.7"
    "@babel/traverse" "^7.17.10"
    "@babel/types" "^7.17.10"
    convert-source-map "^1.7.0"
    debug "^4.1.0"
    gensync "^1.0.0-beta.2"
    json5 "^2.2.1"
    semver "^6.3.0"

"@babel/generator@^7.17.10":
  version "7.17.10"
  resolved "https://registry.npmjs.org/@babel/generator/-/generator-7.17.10.tgz"
  dependencies:
    "@babel/types" "^7.17.10"
    "@jridgewell/gen-mapping" "^0.1.0"
    jsesc "^2.5.1"

"@babel/helper-annotate-as-pure@^7.16.7":
  version "7.16.7"
  resolved "https://registry.npmjs.org/@babel/helper-annotate-as-pure/-/helper-annotate-as-pure-7.16.7.tgz"
  dependencies:
    "@babel/types" "^7.16.7"

"@babel/helper-compilation-targets@^7.17.10":
  version "7.17.10"
  resolved "https://registry.npmjs.org/@babel/helper-compilation-targets/-/helper-compilation-targets-7.17.10.tgz"
  dependencies:
    "@babel/compat-data" "^7.17.10"
    "@babel/helper-validator-option" "^7.16.7"
    browserslist "^4.20.2"
    semver "^6.3.0"

"@babel/helper-environment-visitor@^7.16.7":
  version "7.16.7"
  resolved "https://registry.npmjs.org/@babel/helper-environment-visitor/-/helper-environment-visitor-7.16.7.tgz"
  dependencies:
    "@babel/types" "^7.16.7"

"@babel/helper-function-name@^7.17.9":
  version "7.17.9"
  resolved "https://registry.npmjs.org/@babel/helper-function-name/-/helper-function-name-7.17.9.tgz"
  dependencies:
    "@babel/template" "^7.16.7"
    "@babel/types" "^7.17.0"

"@babel/helper-hoist-variables@^7.16.7":
  version "7.16.7"
  resolved "https://registry.npmjs.org/@babel/helper-hoist-variables/-/helper-hoist-variables-7.16.7.tgz"
  dependencies:
    "@babel/types" "^7.16.7"

"@babel/helper-module-imports@^7.16.7":
  version "7.16.7"
  resolved "https://registry.npmjs.org/@babel/helper-module-imports/-/helper-module-imports-7.16.7.tgz"
  dependencies:
    "@babel/types" "^7.16.7"

"@babel/helper-module-transforms@^7.17.7":
  version "7.17.7"
  resolved "https://registry.npmjs.org/@babel/helper-module-transforms/-/helper-module-transforms-7.17.7.tgz"
  dependencies:
    "@babel/helper-environment-visitor" "^7.16.7"
    "@babel/helper-module-imports" "^7.16.7"
    "@babel/helper-simple-access" "^7.17.7"
    "@babel/helper-split-export-declaration" "^7.16.7"
    "@babel/helper-validator-identifier" "^7.16.7"
    "@babel/template" "^7.16.7"
    "@babel/traverse" "^7.17.3"
    "@babel/types" "^7.17.0"

"@babel/helper-plugin-utils@^7.16.7":
  version "7.16.7"
  resolved "https://registry.npmjs.org/@babel/helper-plugin-utils/-/helper-plugin-utils-7.16.7.tgz"

"@babel/helper-simple-access@^7.17.7":
  version "7.17.7"
  resolved "https://registry.npmjs.org/@babel/helper-simple-access/-/helper-simple-access-7.17.7.tgz"
  dependencies:
    "@babel/types" "^7.17.0"

"@babel/helper-split-export-declaration@^7.16.7":
  version "7.16.7"
  resolved "https://registry.npmjs.org/@babel/helper-split-export-declaration/-/helper-split-export-declaration-7.16.7.tgz"
  dependencies:
    "@babel/types" "^7.16.7"

"@babel/helper-validator-identifier@^7.16.7":
  version "7.16.7"
  resolved "https://registry.npmjs.org/@babel/helper-validator-identifier/-/helper-validator-identifier-7.16.7.tgz"

"@babel/helper-validator-option@^7.16.7":
  version "7.16.7"
  resolved "https://registry.npmjs.org/@babel/helper-validator-option/-/helper-validator-option-7.16.7.tgz"

"@babel/helpers@^7.17.9":
  version "7.17.9"
  resolved "https://registry.npmjs.org/@babel/helpers/-/helpers-7.17.9.tgz"
  dependencies:
    "@babel/template" "^7.16.7"
    "@babel/traverse" "^7.17.9"
    "@babel/types" "^7.17.0"

"@babel/highlight@^7.16.7":
  version "7.17.9"
  resolved "https://registry.npmjs.org/@babel/highlight/-/highlight-7.17.9.tgz"
  dependencies:
    "@babel/helper-validator-identifier" "^7.16.7"
    chalk "^2.0.0"
    js-tokens "^4.0.0"

"@babel/parser@^7.16.7", "@babel/parser@^7.17.10":
  version "7.17.10"
  resolved "https://registry.npmjs.org/@babel/parser/-/parser-7.17.10.tgz"

"@babel/plugin-syntax-jsx@^7.16.7":
  version "7.16.7"
  resolved "https://registry.npmjs.org/@babel/plugin-syntax-jsx/-/plugin-syntax-jsx-7.16.7.tgz"
  dependencies:
    "@babel/helper-plugin-utils" "^7.16.7"

"@babel/plugin-transform-react-jsx-development@^7.16.7":
  version "7.16.7"
  resolved "https://registry.npmjs.org/@babel/plugin-transform-react-jsx-development/-/plugin-transform-react-jsx-development-7.16.7.tgz"
  dependencies:
    "@babel/plugin-transform-react-jsx" "^7.16.7"

"@babel/plugin-transform-react-jsx-self@^7.16.7":
  version "7.16.7"
  resolved "https://registry.npmjs.org/@babel/plugin-transform-react-jsx-self/-/plugin-transform-react-jsx-self-7.16.7.tgz"
  dependencies:
    "@babel/helper-plugin-utils" "^7.16.7"

"@babel/plugin-transform-react-jsx-source@^7.16.7":
  version "7.16.7"
  resolved "https://registry.npmjs.org/@babel/plugin-transform-react-jsx-source/-/plugin-transform-react-jsx-source-7.16.7.tgz"
  dependencies:
    "@babel/helper-plugin-utils" "^7.16.7"

"@babel/plugin-transform-react-jsx@^7.16.7", "@babel/plugin-transform-react-jsx@^7.17.3":
  version "7.17.3"
  resolved "https://registry.npmjs.org/@babel/plugin-transform-react-jsx/-/plugin-transform-react-jsx-7.17.3.tgz"
  dependencies:
    "@babel/helper-annotate-as-pure" "^7.16.7"
    "@babel/helper-module-imports" "^7.16.7"
    "@babel/helper-plugin-utils" "^7.16.7"
    "@babel/plugin-syntax-jsx" "^7.16.7"
    "@babel/types" "^7.17.0"

"@babel/template@^7.16.7":
  version "7.16.7"
  resolved "https://registry.npmjs.org/@babel/template/-/template-7.16.7.tgz"
  dependencies:
    "@babel/code-frame" "^7.16.7"
    "@babel/parser" "^7.16.7"
    "@babel/types" "^7.16.7"

"@babel/traverse@^7.17.10", "@babel/traverse@^7.17.3", "@babel/traverse@^7.17.9":
  version "7.17.10"
  resolved "https://registry.npmjs.org/@babel/traverse/-/traverse-7.17.10.tgz"
  dependencies:
    "@babel/code-frame" "^7.16.7"
    "@babel/generator" "^7.17.10"
    "@babel/helper-environment-visitor" "^7.16.7"
    "@babel/helper-function-name" "^7.17.9"
    "@babel/helper-hoist-variables" "^7.16.7"
    "@babel/helper-split-export-declaration" "^7.16.7"
    "@babel/parser" "^7.17.10"
    "@babel/types" "^7.17.10"
    debug "^4.1.0"
    globals "^11.1.0"

"@babel/types@^7.16.7", "@babel/types@^7.17.0", "@babel/types@^7.17.10":
  version "7.17.10"
  resolved "https://registry.npmjs.org/@babel/types/-/types-7.17.10.tgz"
  dependencies:
    "@babel/helper-validator-identifier" "^7.16.7"
    to-fast-properties "^2.0.0"

"@jridgewell/gen-mapping@^0.1.0":
  version "0.1.1"
  resolved "https://registry.npmjs.org/@jridgewell/gen-mapping/-/gen-mapping-0.1.1.tgz"
  dependencies:
    "@jridgewell/set-array" "^1.0.0"
    "@jridgewell/sourcemap-codec" "^1.4.10"

"@jridgewell/resolve-uri@^3.0.3":
  version "3.0.6"
  resolved "https://registry.npmjs.org/@jridgewell/resolve-uri/-/resolve-uri-3.0.6.tgz"

"@jridgewell/set-array@^1.0.0":
  version "1.1.0"
  resolved "https://registry.npmjs.org/@jridgewell/set-array/-/set-array-1.1.0.tgz"

"@jridgewell/sourcemap-codec@^1.4.10":
  version "1.4.11"
  resolved "https://registry.npmjs.org/@jridgewell/sourcemap-codec/-/sourcemap-codec-1.4.11.tgz"

"@jridgewell/trace-mapping@^0.3.9":
  version "0.3.9"
  resolved "https://registry.npmjs.org/@jridgewell/trace-mapping/-/trace-mapping-0.3.9.tgz"
  dependencies:
    "@jridgewell/resolve-uri" "^3.0.3"
    "@jridgewell/sourcemap-codec" "^1.4.10"

"@rollup/pluginutils@^4.2.0":
  version "4.2.1"
  resolved "https://registry.npmjs.org/@rollup/pluginutils/-/pluginutils-4.2.1.tgz"
  dependencies:
    estree-walker "^2.0.1"
    picomatch "^2.2.2"

"@types/prop-types@*":
  version "15.7.5"
  resolved "https://registry.npmjs.org/@types/prop-types/-/prop-types-15.7.5.tgz"

"@types/react-dom@^18.0.0":
  version "18.0.3"
  resolved "https://registry.npmjs.org/@types/react-dom/-/react-dom-18.0.3.tgz"
  dependencies:
    "@types/react" "*"

"@types/react@*", "@types/react@^18.0.0":
  version "18.0.8"
  resolved "https://registry.npmjs.org/@types/react/-/react-18.0.8.tgz"
  dependencies:
    "@types/prop-types" "*"
    "@types/scheduler" "*"
    csstype "^3.0.2"

"@types/scheduler@*":
  version "0.16.2"
  resolved "https://registry.npmjs.org/@types/scheduler/-/scheduler-0.16.2.tgz"

"@vitejs/plugin-react@^1.3.0":
  version "1.3.1"
  resolved "https://registry.npmjs.org/@vitejs/plugin-react/-/plugin-react-1.3.1.tgz"
  dependencies:
    "@babel/core" "^7.17.9"
    "@babel/plugin-transform-react-jsx" "^7.17.3"
    "@babel/plugin-transform-react-jsx-development" "^7.16.7"
    "@babel/plugin-transform-react-jsx-self" "^7.16.7"
    "@babel/plugin-transform-react-jsx-source" "^7.16.7"
    "@rollup/pluginutils" "^4.2.0"
    react-refresh "^0.12.0"
    resolve "^1.22.0"

accepts@~1.3.5, accepts@~1.3.7, accepts@~1.3.8:
  version "1.3.8"
  resolved "https://registry.npmjs.org/accepts/-/accepts-1.3.8.tgz"
  dependencies:
    mime-types "~2.1.34"
    negotiator "0.6.3"

ansi-regex@^5.0.1:
  version "5.0.1"
  resolved "https://registry.npmjs.org/ansi-regex/-/ansi-regex-5.0.1.tgz"

ansi-styles@^3.2.1:
  version "3.2.1"
  resolved "https://registry.npmjs.org/ansi-styles/-/ansi-styles-3.2.1.tgz"
  dependencies:
    color-convert "^1.9.0"

ansi-styles@^4.0.0, ansi-styles@^4.1.0:
  version "4.3.0"
  resolved "https://registry.npmjs.org/ansi-styles/-/ansi-styles-4.3.0.tgz"
  dependencies:
    color-convert "^2.0.1"

array-flatten@1.1.1:
  version "1.1.1"
  resolved "https://registry.npmjs.org/array-flatten/-/array-flatten-1.1.1.tgz"

basic-auth@~2.0.1:
  version "2.0.1"
  resolved "https://registry.npmjs.org/basic-auth/-/basic-auth-2.0.1.tgz"
  dependencies:
    safe-buffer "5.1.2"

body-parser@1.20.0, body-parser@^1.19.0:
  version "1.20.0"
  resolved "https://registry.npmjs.org/body-parser/-/body-parser-1.20.0.tgz"
  dependencies:
    bytes "3.1.2"
    content-type "~1.0.4"
    debug "2.6.9"
    depd "2.0.0"
    destroy "1.2.0"
    http-errors "2.0.0"
    iconv-lite "0.4.24"
    on-finished "2.4.1"
    qs "6.10.3"
    raw-body "2.5.1"
    type-is "~1.6.18"
    unpipe "1.0.0"

browserslist@^4.20.2:
  version "4.20.3"
  resolved "https://registry.npmjs.org/browserslist/-/browserslist-4.20.3.tgz"
  dependencies:
    caniuse-lite "^1.0.30001332"
    electron-to-chromium "^1.4.118"
    escalade "^3.1.1"
    node-releases "^2.0.3"
    picocolors "^1.0.0"

bytes@3.0.0:
  version "3.0.0"
  resolved "https://registry.npmjs.org/bytes/-/bytes-3.0.0.tgz"

bytes@3.1.2:
  version "3.1.2"
  resolved "https://registry.npmjs.org/bytes/-/bytes-3.1.2.tgz"

call-bind@^1.0.0:
  version "1.0.2"
  resolved "https://registry.npmjs.org/call-bind/-/call-bind-1.0.2.tgz"
  dependencies:
    function-bind "^1.1.1"
    get-intrinsic "^1.0.2"

caniuse-lite@^1.0.30001332:
  version "1.0.30001334"
  resolved "https://registry.npmjs.org/caniuse-lite/-/caniuse-lite-1.0.30001334.tgz"

chalk@^2.0.0:
  version "2.4.2"
  resolved "https://registry.npmjs.org/chalk/-/chalk-2.4.2.tgz"
  dependencies:
    ansi-styles "^3.2.1"
    escape-string-regexp "^1.0.5"
    supports-color "^5.3.0"

chalk@^4.1.2:
  version "4.1.2"
  resolved "https://registry.npmjs.org/chalk/-/chalk-4.1.2.tgz"
  dependencies:
    ansi-styles "^4.1.0"
    supports-color "^7.1.0"

cliui@^7.0.2:
  version "7.0.4"
  resolved "https://registry.npmjs.org/cliui/-/cliui-7.0.4.tgz"
  dependencies:
    string-width "^4.2.0"
    strip-ansi "^6.0.0"
    wrap-ansi "^7.0.0"

color-convert@^1.9.0:
  version "1.9.3"
  resolved "https://registry.npmjs.org/color-convert/-/color-convert-1.9.3.tgz"
  dependencies:
    color-name "1.1.3"

color-convert@^2.0.1:
  version "2.0.1"
  resolved "https://registry.npmjs.org/color-convert/-/color-convert-2.0.1.tgz"
  dependencies:
    color-name "~1.1.4"

color-name@1.1.3:
  version "1.1.3"
  resolved "https://registry.npmjs.org/color-name/-/color-name-1.1.3.tgz"

color-name@~1.1.4:
  version "1.1.4"
  resolved "https://registry.npmjs.org/color-name/-/color-name-1.1.4.tgz"

compressible@~2.0.16:
  version "2.0.18"
  resolved "https://registry.npmjs.org/compressible/-/compressible-2.0.18.tgz"
  dependencies:
    mime-db ">= 1.43.0 < 2"

compression@^1.7.4:
  version "1.7.4"
  resolved "https://registry.npmjs.org/compression/-/compression-1.7.4.tgz"
  dependencies:
    accepts "~1.3.5"
    bytes "3.0.0"
    compressible "~2.0.16"
    debug "2.6.9"
    on-headers "~1.0.2"
    safe-buffer "5.1.2"
    vary "~1.1.2"

connect-pause@^0.1.1:
  version "0.1.1"
  resolved "https://registry.npmjs.org/connect-pause/-/connect-pause-0.1.1.tgz"

content-disposition@0.5.4:
  version "0.5.4"
  resolved "https://registry.npmjs.org/content-disposition/-/content-disposition-0.5.4.tgz"
  dependencies:
    safe-buffer "5.2.1"

content-type@~1.0.4:
  version "1.0.4"
  resolved "https://registry.npmjs.org/content-type/-/content-type-1.0.4.tgz"

convert-source-map@^1.7.0:
  version "1.8.0"
  resolved "https://registry.npmjs.org/convert-source-map/-/convert-source-map-1.8.0.tgz"
  dependencies:
    safe-buffer "~5.1.1"

cookie-signature@1.0.6:
  version "1.0.6"
  resolved "https://registry.npmjs.org/cookie-signature/-/cookie-signature-1.0.6.tgz"

cookie@0.5.0:
  version "0.5.0"
  resolved "https://registry.npmjs.org/cookie/-/cookie-0.5.0.tgz"

cors@^2.8.5:
  version "2.8.5"
  resolved "https://registry.npmjs.org/cors/-/cors-2.8.5.tgz"
  dependencies:
    object-assign "^4"
    vary "^1"

csstype@^3.0.2:
  version "3.0.11"
  resolved "https://registry.npmjs.org/csstype/-/csstype-3.0.11.tgz"

debug@*, debug@^4.1.0:
  version "4.3.4"
  resolved "https://registry.npmjs.org/debug/-/debug-4.3.4.tgz"
  dependencies:
    ms "2.1.2"

debug@2.6.9:
  version "2.6.9"
  resolved "https://registry.npmjs.org/debug/-/debug-2.6.9.tgz"
  dependencies:
    ms "2.0.0"

debug@3.1.0:
  version "3.1.0"
  resolved "https://registry.npmjs.org/debug/-/debug-3.1.0.tgz"
  dependencies:
    ms "2.0.0"

depd@2.0.0, depd@~2.0.0:
  version "2.0.0"
  resolved "https://registry.npmjs.org/depd/-/depd-2.0.0.tgz"

destroy@1.2.0:
  version "1.2.0"
  resolved "https://registry.npmjs.org/destroy/-/destroy-1.2.0.tgz"

ee-first@1.1.1:
  version "1.1.1"
  resolved "https://registry.npmjs.org/ee-first/-/ee-first-1.1.1.tgz"

electron-to-chromium@^1.4.118:
  version "1.4.129"
  resolved "https://registry.npmjs.org/electron-to-chromium/-/electron-to-chromium-1.4.129.tgz"

emoji-regex@^8.0.0:
  version "8.0.0"
  resolved "https://registry.npmjs.org/emoji-regex/-/emoji-regex-8.0.0.tgz"

encodeurl@~1.0.2:
  version "1.0.2"
  resolved "https://registry.npmjs.org/encodeurl/-/encodeurl-1.0.2.tgz"

errorhandler@^1.5.1:
  version "1.5.1"
  resolved "https://registry.npmjs.org/errorhandler/-/errorhandler-1.5.1.tgz"
  dependencies:
    accepts "~1.3.7"
    escape-html "~1.0.3"

esbuild-android-64@0.14.38:
  version "0.14.38"
  resolved "https://registry.yarnpkg.com/esbuild-android-64/-/esbuild-android-64-0.14.38.tgz#5b94a1306df31d55055f64a62ff6b763a47b7f64"

esbuild-android-arm64@0.14.38:
  version "0.14.38"
  resolved "https://registry.yarnpkg.com/esbuild-android-arm64/-/esbuild-android-arm64-0.14.38.tgz#78acc80773d16007de5219ccce544c036abd50b8"

esbuild-darwin-64@0.14.38:
  version "0.14.38"
  resolved "https://registry.yarnpkg.com/esbuild-darwin-64/-/esbuild-darwin-64-0.14.38.tgz#e02b1291f629ebdc2aa46fabfacc9aa28ff6aa46"

esbuild-darwin-arm64@0.14.38:
  version "0.14.38"
  resolved "https://registry.yarnpkg.com/esbuild-darwin-arm64/-/esbuild-darwin-arm64-0.14.38.tgz#01eb6650ec010b18c990e443a6abcca1d71290a9"

esbuild-freebsd-64@0.14.38:
  version "0.14.38"
  resolved "https://registry.yarnpkg.com/esbuild-freebsd-64/-/esbuild-freebsd-64-0.14.38.tgz#790b8786729d4aac7be17648f9ea8e0e16475b5e"

esbuild-freebsd-arm64@0.14.38:
  version "0.14.38"
  resolved "https://registry.yarnpkg.com/esbuild-freebsd-arm64/-/esbuild-freebsd-arm64-0.14.38.tgz#b66340ab28c09c1098e6d9d8ff656db47d7211e6"

esbuild-linux-32@0.14.38:
  version "0.14.38"
  resolved "https://registry.yarnpkg.com/esbuild-linux-32/-/esbuild-linux-32-0.14.38.tgz#7927f950986fd39f0ff319e92839455912b67f70"

esbuild-linux-64@0.14.38:
  version "0.14.38"
  resolved "https://registry.npmjs.org/esbuild-linux-64/-/esbuild-linux-64-0.14.38.tgz"

esbuild-linux-arm64@0.14.38:
  version "0.14.38"
  resolved "https://registry.yarnpkg.com/esbuild-linux-arm64/-/esbuild-linux-arm64-0.14.38.tgz#8442402e37d0b8ae946ac616784d9c1a2041056a"

esbuild-linux-arm@0.14.38:
  version "0.14.38"
  resolved "https://registry.yarnpkg.com/esbuild-linux-arm/-/esbuild-linux-arm-0.14.38.tgz#d5dbf32d38b7f79be0ec6b5fb2f9251fd9066986"

esbuild-linux-mips64le@0.14.38:
  version "0.14.38"
  resolved "https://registry.yarnpkg.com/esbuild-linux-mips64le/-/esbuild-linux-mips64le-0.14.38.tgz#95081e42f698bbe35d8ccee0e3a237594b337eb5"

esbuild-linux-ppc64le@0.14.38:
  version "0.14.38"
  resolved "https://registry.yarnpkg.com/esbuild-linux-ppc64le/-/esbuild-linux-ppc64le-0.14.38.tgz#dceb0a1b186f5df679618882a7990bd422089b47"

esbuild-linux-riscv64@0.14.38:
  version "0.14.38"
  resolved "https://registry.yarnpkg.com/esbuild-linux-riscv64/-/esbuild-linux-riscv64-0.14.38.tgz#61fb8edb75f475f9208c4a93ab2bfab63821afd2"

esbuild-linux-s390x@0.14.38:
  version "0.14.38"
  resolved "https://registry.yarnpkg.com/esbuild-linux-s390x/-/esbuild-linux-s390x-0.14.38.tgz#34c7126a4937406bf6a5e69100185fd702d12fe0"

esbuild-netbsd-64@0.14.38:
  version "0.14.38"
  resolved "https://registry.yarnpkg.com/esbuild-netbsd-64/-/esbuild-netbsd-64-0.14.38.tgz#322ea9937d9e529183ee281c7996b93eb38a5d95"

esbuild-openbsd-64@0.14.38:
  version "0.14.38"
  resolved "https://registry.yarnpkg.com/esbuild-openbsd-64/-/esbuild-openbsd-64-0.14.38.tgz#1ca29bb7a2bf09592dcc26afdb45108f08a2cdbd"

esbuild-sunos-64@0.14.38:
  version "0.14.38"
  resolved "https://registry.yarnpkg.com/esbuild-sunos-64/-/esbuild-sunos-64-0.14.38.tgz#c9446f7d8ebf45093e7bb0e7045506a88540019b"

esbuild-windows-32@0.14.38:
  version "0.14.38"
  resolved "https://registry.yarnpkg.com/esbuild-windows-32/-/esbuild-windows-32-0.14.38.tgz#f8e9b4602fd0ccbd48e5c8d117ec0ba4040f2ad1"

esbuild-windows-64@0.14.38:
  version "0.14.38"
  resolved "https://registry.yarnpkg.com/esbuild-windows-64/-/esbuild-windows-64-0.14.38.tgz#280f58e69f78535f470905ce3e43db1746518107"

esbuild-windows-arm64@0.14.38:
  version "0.14.38"
  resolved "https://registry.yarnpkg.com/esbuild-windows-arm64/-/esbuild-windows-arm64-0.14.38.tgz#d97e9ac0f95a4c236d9173fa9f86c983d6a53f54"

esbuild@^0.14.27:
  version "0.14.38"
  resolved "https://registry.npmjs.org/esbuild/-/esbuild-0.14.38.tgz"
  optionalDependencies:
    esbuild-android-64 "0.14.38"
    esbuild-android-arm64 "0.14.38"
    esbuild-darwin-64 "0.14.38"
    esbuild-darwin-arm64 "0.14.38"
    esbuild-freebsd-64 "0.14.38"
    esbuild-freebsd-arm64 "0.14.38"
    esbuild-linux-32 "0.14.38"
    esbuild-linux-64 "0.14.38"
    esbuild-linux-arm "0.14.38"
    esbuild-linux-arm64 "0.14.38"
    esbuild-linux-mips64le "0.14.38"
    esbuild-linux-ppc64le "0.14.38"
    esbuild-linux-riscv64 "0.14.38"
    esbuild-linux-s390x "0.14.38"
    esbuild-netbsd-64 "0.14.38"
    esbuild-openbsd-64 "0.14.38"
    esbuild-sunos-64 "0.14.38"
    esbuild-windows-32 "0.14.38"
    esbuild-windows-64 "0.14.38"
    esbuild-windows-arm64 "0.14.38"

escalade@^3.1.1:
  version "3.1.1"
  resolved "https://registry.npmjs.org/escalade/-/escalade-3.1.1.tgz"

escape-html@~1.0.3:
  version "1.0.3"
  resolved "https://registry.npmjs.org/escape-html/-/escape-html-1.0.3.tgz"

escape-string-regexp@^1.0.5:
  version "1.0.5"
  resolved "https://registry.npmjs.org/escape-string-regexp/-/escape-string-regexp-1.0.5.tgz"

estree-walker@^2.0.1:
  version "2.0.2"
  resolved "https://registry.npmjs.org/estree-walker/-/estree-walker-2.0.2.tgz"

etag@~1.8.1:
  version "1.8.1"
  resolved "https://registry.npmjs.org/etag/-/etag-1.8.1.tgz"

express-urlrewrite@^1.4.0:
  version "1.4.0"
  resolved "https://registry.npmjs.org/express-urlrewrite/-/express-urlrewrite-1.4.0.tgz"
  dependencies:
    debug "*"
    path-to-regexp "^1.0.3"

express@^4.17.1:
  version "4.18.1"
  resolved "https://registry.npmjs.org/express/-/express-4.18.1.tgz"
  dependencies:
    accepts "~1.3.8"
    array-flatten "1.1.1"
    body-parser "1.20.0"
    content-disposition "0.5.4"
    content-type "~1.0.4"
    cookie "0.5.0"
    cookie-signature "1.0.6"
    debug "2.6.9"
    depd "2.0.0"
    encodeurl "~1.0.2"
    escape-html "~1.0.3"
    etag "~1.8.1"
    finalhandler "1.2.0"
    fresh "0.5.2"
    http-errors "2.0.0"
    merge-descriptors "1.0.1"
    methods "~1.1.2"
    on-finished "2.4.1"
    parseurl "~1.3.3"
    path-to-regexp "0.1.7"
    proxy-addr "~2.0.7"
    qs "6.10.3"
    range-parser "~1.2.1"
    safe-buffer "5.2.1"
    send "0.18.0"
    serve-static "1.15.0"
    setprototypeof "1.2.0"
    statuses "2.0.1"
    type-is "~1.6.18"
    utils-merge "1.0.1"
    vary "~1.1.2"

finalhandler@1.2.0:
  version "1.2.0"
  resolved "https://registry.npmjs.org/finalhandler/-/finalhandler-1.2.0.tgz"
  dependencies:
    debug "2.6.9"
    encodeurl "~1.0.2"
    escape-html "~1.0.3"
    on-finished "2.4.1"
    parseurl "~1.3.3"
    statuses "2.0.1"
    unpipe "~1.0.0"

forwarded@0.2.0:
  version "0.2.0"
  resolved "https://registry.npmjs.org/forwarded/-/forwarded-0.2.0.tgz"

fresh@0.5.2:
  version "0.5.2"
  resolved "https://registry.npmjs.org/fresh/-/fresh-0.5.2.tgz"

fsevents@~2.3.2:
  version "2.3.2"
  resolved "https://registry.yarnpkg.com/fsevents/-/fsevents-2.3.2.tgz#8a526f78b8fdf4623b709e0b975c52c24c02fd1a"

function-bind@^1.1.1:
  version "1.1.1"
  resolved "https://registry.npmjs.org/function-bind/-/function-bind-1.1.1.tgz"

gensync@^1.0.0-beta.2:
  version "1.0.0-beta.2"
  resolved "https://registry.npmjs.org/gensync/-/gensync-1.0.0-beta.2.tgz"

get-caller-file@^2.0.5:
  version "2.0.5"
  resolved "https://registry.npmjs.org/get-caller-file/-/get-caller-file-2.0.5.tgz"

get-intrinsic@^1.0.2:
  version "1.1.1"
  resolved "https://registry.npmjs.org/get-intrinsic/-/get-intrinsic-1.1.1.tgz"
  dependencies:
    function-bind "^1.1.1"
    has "^1.0.3"
    has-symbols "^1.0.1"

globals@^11.1.0:
  version "11.12.0"
  resolved "https://registry.npmjs.org/globals/-/globals-11.12.0.tgz"

graceful-fs@^4.1.3:
  version "4.2.10"
  resolved "https://registry.npmjs.org/graceful-fs/-/graceful-fs-4.2.10.tgz"

has-flag@^3.0.0:
  version "3.0.0"
  resolved "https://registry.npmjs.org/has-flag/-/has-flag-3.0.0.tgz"

has-flag@^4.0.0:
  version "4.0.0"
  resolved "https://registry.npmjs.org/has-flag/-/has-flag-4.0.0.tgz"

has-symbols@^1.0.1:
  version "1.0.3"
  resolved "https://registry.npmjs.org/has-symbols/-/has-symbols-1.0.3.tgz"

has@^1.0.3:
  version "1.0.3"
  resolved "https://registry.npmjs.org/has/-/has-1.0.3.tgz"
  dependencies:
    function-bind "^1.1.1"

http-errors@2.0.0:
  version "2.0.0"
  resolved "https://registry.npmjs.org/http-errors/-/http-errors-2.0.0.tgz"
  dependencies:
    depd "2.0.0"
    inherits "2.0.4"
    setprototypeof "1.2.0"
    statuses "2.0.1"
    toidentifier "1.0.1"

iconv-lite@0.4.24:
  version "0.4.24"
  resolved "https://registry.npmjs.org/iconv-lite/-/iconv-lite-0.4.24.tgz"
  dependencies:
    safer-buffer ">= 2.1.2 < 3"

inherits@2.0.4:
  version "2.0.4"
  resolved "https://registry.npmjs.org/inherits/-/inherits-2.0.4.tgz"

ipaddr.js@1.9.1:
  version "1.9.1"
  resolved "https://registry.npmjs.org/ipaddr.js/-/ipaddr.js-1.9.1.tgz"

is-core-module@^2.8.1:
  version "2.9.0"
  resolved "https://registry.npmjs.org/is-core-module/-/is-core-module-2.9.0.tgz"
  dependencies:
    has "^1.0.3"

is-fullwidth-code-point@^3.0.0:
  version "3.0.0"
  resolved "https://registry.npmjs.org/is-fullwidth-code-point/-/is-fullwidth-code-point-3.0.0.tgz"

is-promise@^2.1.0:
  version "2.2.2"
  resolved "https://registry.npmjs.org/is-promise/-/is-promise-2.2.2.tgz"

isarray@0.0.1:
  version "0.0.1"
  resolved "https://registry.npmjs.org/isarray/-/isarray-0.0.1.tgz"

jju@^1.1.0:
  version "1.4.0"
  resolved "https://registry.npmjs.org/jju/-/jju-1.4.0.tgz"

"js-tokens@^3.0.0 || ^4.0.0", js-tokens@^4.0.0:
  version "4.0.0"
  resolved "https://registry.npmjs.org/js-tokens/-/js-tokens-4.0.0.tgz"

jsesc@^2.5.1:
  version "2.5.2"
  resolved "https://registry.npmjs.org/jsesc/-/jsesc-2.5.2.tgz"

json-parse-helpfulerror@^1.0.3:
  version "1.0.3"
  resolved "https://registry.npmjs.org/json-parse-helpfulerror/-/json-parse-helpfulerror-1.0.3.tgz"
  dependencies:
    jju "^1.1.0"

json-server@^0.17.1:
  version "0.17.1"
  resolved "https://registry.yarnpkg.com/json-server/-/json-server-0.17.1.tgz#7ce793e4ee52e815648b0ce4e0736197bb671e5c"
  dependencies:
    body-parser "^1.19.0"
    chalk "^4.1.2"
    compression "^1.7.4"
    connect-pause "^0.1.1"
    cors "^2.8.5"
    errorhandler "^1.5.1"
    express "^4.17.1"
    express-urlrewrite "^1.4.0"
    json-parse-helpfulerror "^1.0.3"
    lodash "^4.17.21"
    lodash-id "^0.14.1"
    lowdb "^1.0.0"
    method-override "^3.0.0"
    morgan "^1.10.0"
    nanoid "^3.1.23"
    please-upgrade-node "^3.2.0"
    pluralize "^8.0.0"
    server-destroy "^1.0.1"
    yargs "^17.0.1"

json5@^2.2.1:
  version "2.2.1"
  resolved "https://registry.npmjs.org/json5/-/json5-2.2.1.tgz"

lodash-id@^0.14.1:
  version "0.14.1"
  resolved "https://registry.npmjs.org/lodash-id/-/lodash-id-0.14.1.tgz"

lodash@4, lodash@^4.17.21:
  version "4.17.21"
  resolved "https://registry.npmjs.org/lodash/-/lodash-4.17.21.tgz"

loose-envify@^1.1.0:
  version "1.4.0"
  resolved "https://registry.npmjs.org/loose-envify/-/loose-envify-1.4.0.tgz"
  dependencies:
    js-tokens "^3.0.0 || ^4.0.0"

lowdb@^1.0.0:
  version "1.0.0"
  resolved "https://registry.npmjs.org/lowdb/-/lowdb-1.0.0.tgz"
  dependencies:
    graceful-fs "^4.1.3"
    is-promise "^2.1.0"
    lodash "4"
    pify "^3.0.0"
    steno "^0.4.1"

media-typer@0.3.0:
  version "0.3.0"
  resolved "https://registry.npmjs.org/media-typer/-/media-typer-0.3.0.tgz"

merge-descriptors@1.0.1:
  version "1.0.1"
  resolved "https://registry.npmjs.org/merge-descriptors/-/merge-descriptors-1.0.1.tgz"

method-override@^3.0.0:
  version "3.0.0"
  resolved "https://registry.npmjs.org/method-override/-/method-override-3.0.0.tgz"
  dependencies:
    debug "3.1.0"
    methods "~1.1.2"
    parseurl "~1.3.2"
    vary "~1.1.2"

methods@~1.1.2:
  version "1.1.2"
  resolved "https://registry.npmjs.org/methods/-/methods-1.1.2.tgz"

mime-db@1.52.0, "mime-db@>= 1.43.0 < 2":
  version "1.52.0"
  resolved "https://registry.npmjs.org/mime-db/-/mime-db-1.52.0.tgz"

mime-types@~2.1.24, mime-types@~2.1.34:
  version "2.1.35"
  resolved "https://registry.npmjs.org/mime-types/-/mime-types-2.1.35.tgz"
  dependencies:
    mime-db "1.52.0"

mime@1.6.0:
  version "1.6.0"
  resolved "https://registry.npmjs.org/mime/-/mime-1.6.0.tgz"

morgan@^1.10.0:
  version "1.10.0"
  resolved "https://registry.npmjs.org/morgan/-/morgan-1.10.0.tgz"
  dependencies:
    basic-auth "~2.0.1"
    debug "2.6.9"
    depd "~2.0.0"
    on-finished "~2.3.0"
    on-headers "~1.0.2"

ms@2.0.0:
  version "2.0.0"
  resolved "https://registry.npmjs.org/ms/-/ms-2.0.0.tgz"

ms@2.1.2:
  version "2.1.2"
  resolved "https://registry.npmjs.org/ms/-/ms-2.1.2.tgz"

ms@2.1.3:
  version "2.1.3"
  resolved "https://registry.npmjs.org/ms/-/ms-2.1.3.tgz"

nanoid@^3.1.23, nanoid@^3.3.3:
  version "3.3.3"
  resolved "https://registry.npmjs.org/nanoid/-/nanoid-3.3.3.tgz"

negotiator@0.6.3:
  version "0.6.3"
  resolved "https://registry.npmjs.org/negotiator/-/negotiator-0.6.3.tgz"

node-releases@^2.0.3:
  version "2.0.4"
  resolved "https://registry.npmjs.org/node-releases/-/node-releases-2.0.4.tgz"

object-assign@^4:
  version "4.1.1"
  resolved "https://registry.npmjs.org/object-assign/-/object-assign-4.1.1.tgz"

object-inspect@^1.9.0:
  version "1.12.0"
  resolved "https://registry.npmjs.org/object-inspect/-/object-inspect-1.12.0.tgz"

on-finished@2.4.1:
  version "2.4.1"
  resolved "https://registry.npmjs.org/on-finished/-/on-finished-2.4.1.tgz"
  dependencies:
    ee-first "1.1.1"

on-finished@~2.3.0:
  version "2.3.0"
  resolved "https://registry.npmjs.org/on-finished/-/on-finished-2.3.0.tgz"
  dependencies:
    ee-first "1.1.1"

on-headers@~1.0.2:
  version "1.0.2"
  resolved "https://registry.npmjs.org/on-headers/-/on-headers-1.0.2.tgz"

parseurl@~1.3.2, parseurl@~1.3.3:
  version "1.3.3"
  resolved "https://registry.npmjs.org/parseurl/-/parseurl-1.3.3.tgz"

path-parse@^1.0.7:
  version "1.0.7"
  resolved "https://registry.npmjs.org/path-parse/-/path-parse-1.0.7.tgz"

path-to-regexp@0.1.7:
  version "0.1.7"
  resolved "https://registry.npmjs.org/path-to-regexp/-/path-to-regexp-0.1.7.tgz"

path-to-regexp@^1.0.3:
  version "1.8.0"
  resolved "https://registry.npmjs.org/path-to-regexp/-/path-to-regexp-1.8.0.tgz"
  dependencies:
    isarray "0.0.1"

picocolors@^1.0.0:
  version "1.0.0"
  resolved "https://registry.npmjs.org/picocolors/-/picocolors-1.0.0.tgz"

picomatch@^2.2.2:
  version "2.3.1"
  resolved "https://registry.npmjs.org/picomatch/-/picomatch-2.3.1.tgz"

pify@^3.0.0:
  version "3.0.0"
  resolved "https://registry.npmjs.org/pify/-/pify-3.0.0.tgz"

please-upgrade-node@^3.2.0:
  version "3.2.0"
  resolved "https://registry.npmjs.org/please-upgrade-node/-/please-upgrade-node-3.2.0.tgz"
  dependencies:
    semver-compare "^1.0.0"

pluralize@^8.0.0:
  version "8.0.0"
  resolved "https://registry.npmjs.org/pluralize/-/pluralize-8.0.0.tgz"

postcss@^8.4.12:
  version "8.4.13"
  resolved "https://registry.npmjs.org/postcss/-/postcss-8.4.13.tgz"
  dependencies:
    nanoid "^3.3.3"
    picocolors "^1.0.0"
    source-map-js "^1.0.2"

proxy-addr@~2.0.7:
  version "2.0.7"
  resolved "https://registry.npmjs.org/proxy-addr/-/proxy-addr-2.0.7.tgz"
  dependencies:
    forwarded "0.2.0"
    ipaddr.js "1.9.1"

qs@6.10.3:
  version "6.10.3"
  resolved "https://registry.npmjs.org/qs/-/qs-6.10.3.tgz"
  dependencies:
    side-channel "^1.0.4"

range-parser@~1.2.1:
  version "1.2.1"
  resolved "https://registry.npmjs.org/range-parser/-/range-parser-1.2.1.tgz"

raw-body@2.5.1:
  version "2.5.1"
  resolved "https://registry.npmjs.org/raw-body/-/raw-body-2.5.1.tgz"
  dependencies:
    bytes "3.1.2"
    http-errors "2.0.0"
    iconv-lite "0.4.24"
    unpipe "1.0.0"

react-dom@^18.0.0:
  version "18.1.0"
  resolved "https://registry.npmjs.org/react-dom/-/react-dom-18.1.0.tgz"
  dependencies:
    loose-envify "^1.1.0"
    scheduler "^0.22.0"

react-refresh@^0.12.0:
  version "0.12.0"
  resolved "https://registry.npmjs.org/react-refresh/-/react-refresh-0.12.0.tgz"

react@^18.0.0:
  version "18.1.0"
  resolved "https://registry.npmjs.org/react/-/react-18.1.0.tgz"
  dependencies:
    loose-envify "^1.1.0"

require-directory@^2.1.1:
  version "2.1.1"
  resolved "https://registry.npmjs.org/require-directory/-/require-directory-2.1.1.tgz"

resolve@^1.22.0:
  version "1.22.0"
  resolved "https://registry.npmjs.org/resolve/-/resolve-1.22.0.tgz"
  dependencies:
    is-core-module "^2.8.1"
    path-parse "^1.0.7"
    supports-preserve-symlinks-flag "^1.0.0"

rollup@^2.59.0:
  version "2.71.1"
  resolved "https://registry.npmjs.org/rollup/-/rollup-2.71.1.tgz"
  optionalDependencies:
    fsevents "~2.3.2"

safe-buffer@5.1.2, safe-buffer@~5.1.1:
  version "5.1.2"
  resolved "https://registry.npmjs.org/safe-buffer/-/safe-buffer-5.1.2.tgz"

safe-buffer@5.2.1:
  version "5.2.1"
  resolved "https://registry.npmjs.org/safe-buffer/-/safe-buffer-5.2.1.tgz"

"safer-buffer@>= 2.1.2 < 3":
  version "2.1.2"
  resolved "https://registry.npmjs.org/safer-buffer/-/safer-buffer-2.1.2.tgz"

scheduler@^0.22.0:
  version "0.22.0"
  resolved "https://registry.npmjs.org/scheduler/-/scheduler-0.22.0.tgz"
  dependencies:
    loose-envify "^1.1.0"

semver-compare@^1.0.0:
  version "1.0.0"
  resolved "https://registry.npmjs.org/semver-compare/-/semver-compare-1.0.0.tgz"

semver@^6.3.0:
  version "6.3.0"
  resolved "https://registry.npmjs.org/semver/-/semver-6.3.0.tgz"

send@0.18.0:
  version "0.18.0"
  resolved "https://registry.npmjs.org/send/-/send-0.18.0.tgz"
  dependencies:
    debug "2.6.9"
    depd "2.0.0"
    destroy "1.2.0"
    encodeurl "~1.0.2"
    escape-html "~1.0.3"
    etag "~1.8.1"
    fresh "0.5.2"
    http-errors "2.0.0"
    mime "1.6.0"
    ms "2.1.3"
    on-finished "2.4.1"
    range-parser "~1.2.1"
    statuses "2.0.1"

serve-static@1.15.0:
  version "1.15.0"
  resolved "https://registry.npmjs.org/serve-static/-/serve-static-1.15.0.tgz"
  dependencies:
    encodeurl "~1.0.2"
    escape-html "~1.0.3"
    parseurl "~1.3.3"
    send "0.18.0"

server-destroy@^1.0.1:
  version "1.0.1"
  resolved "https://registry.npmjs.org/server-destroy/-/server-destroy-1.0.1.tgz"

setprototypeof@1.2.0:
  version "1.2.0"
  resolved "https://registry.npmjs.org/setprototypeof/-/setprototypeof-1.2.0.tgz"

side-channel@^1.0.4:
  version "1.0.4"
  resolved "https://registry.npmjs.org/side-channel/-/side-channel-1.0.4.tgz"
  dependencies:
    call-bind "^1.0.0"
    get-intrinsic "^1.0.2"
    object-inspect "^1.9.0"

source-map-js@^1.0.2:
  version "1.0.2"
  resolved "https://registry.npmjs.org/source-map-js/-/source-map-js-1.0.2.tgz"

statuses@2.0.1:
  version "2.0.1"
  resolved "https://registry.npmjs.org/statuses/-/statuses-2.0.1.tgz"

steno@^0.4.1:
  version "0.4.4"
  resolved "https://registry.npmjs.org/steno/-/steno-0.4.4.tgz"
  dependencies:
    graceful-fs "^4.1.3"

string-width@^4.1.0, string-width@^4.2.0, string-width@^4.2.3:
  version "4.2.3"
  resolved "https://registry.npmjs.org/string-width/-/string-width-4.2.3.tgz"
  dependencies:
    emoji-regex "^8.0.0"
    is-fullwidth-code-point "^3.0.0"
    strip-ansi "^6.0.1"

strip-ansi@^6.0.0, strip-ansi@^6.0.1:
  version "6.0.1"
  resolved "https://registry.npmjs.org/strip-ansi/-/strip-ansi-6.0.1.tgz"
  dependencies:
    ansi-regex "^5.0.1"

supports-color@^5.3.0:
  version "5.5.0"
  resolved "https://registry.npmjs.org/supports-color/-/supports-color-5.5.0.tgz"
  dependencies:
    has-flag "^3.0.0"

supports-color@^7.1.0:
  version "7.2.0"
  resolved "https://registry.npmjs.org/supports-color/-/supports-color-7.2.0.tgz"
  dependencies:
    has-flag "^4.0.0"

supports-preserve-symlinks-flag@^1.0.0:
  version "1.0.0"
  resolved "https://registry.npmjs.org/supports-preserve-symlinks-flag/-/supports-preserve-symlinks-flag-1.0.0.tgz"

to-fast-properties@^2.0.0:
  version "2.0.0"
  resolved "https://registry.npmjs.org/to-fast-properties/-/to-fast-properties-2.0.0.tgz"

toidentifier@1.0.1:
  version "1.0.1"
  resolved "https://registry.npmjs.org/toidentifier/-/toidentifier-1.0.1.tgz"

type-is@~1.6.18:
  version "1.6.18"
  resolved "https://registry.npmjs.org/type-is/-/type-is-1.6.18.tgz"
  dependencies:
    media-typer "0.3.0"
    mime-types "~2.1.24"

unpipe@1.0.0, unpipe@~1.0.0:
  version "1.0.0"
  resolved "https://registry.npmjs.org/unpipe/-/unpipe-1.0.0.tgz"

utils-merge@1.0.1:
  version "1.0.1"
  resolved "https://registry.npmjs.org/utils-merge/-/utils-merge-1.0.1.tgz"

vary@^1, vary@~1.1.2:
  version "1.1.2"
  resolved "https://registry.npmjs.org/vary/-/vary-1.1.2.tgz"

vite@^2.9.5:
  version "2.9.6"
  resolved "https://registry.npmjs.org/vite/-/vite-2.9.6.tgz"
  dependencies:
    esbuild "^0.14.27"
    postcss "^8.4.12"
    resolve "^1.22.0"
    rollup "^2.59.0"
  optionalDependencies:
    fsevents "~2.3.2"

wrap-ansi@^7.0.0:
  version "7.0.0"
  resolved "https://registry.npmjs.org/wrap-ansi/-/wrap-ansi-7.0.0.tgz"
  dependencies:
    ansi-styles "^4.0.0"
    string-width "^4.1.0"
    strip-ansi "^6.0.0"

y18n@^5.0.5:
  version "5.0.8"
  resolved "https://registry.npmjs.org/y18n/-/y18n-5.0.8.tgz"

yargs-parser@^21.0.0:
  version "21.0.1"
  resolved "https://registry.npmjs.org/yargs-parser/-/yargs-parser-21.0.1.tgz"

yargs@^17.0.1:
  version "17.4.1"
  resolved "https://registry.npmjs.org/yargs/-/yargs-17.4.1.tgz"
  dependencies:
    cliui "^7.0.2"
    escalade "^3.1.1"
    get-caller-file "^2.0.5"
    require-directory "^2.1.1"
    string-width "^4.2.3"
    y18n "^5.0.5"
    yargs-parser "^21.0.0"
